
Microsoft Visual Studio Solution File, Format Version 12.00
# Visual Studio Version 16
VisualStudioVersion = 16.0.30611.23
MinimumVisualStudioVersion = 10.0.40219.1
Project("{FAE04EC0-301F-11D3-BF4B-00C04F79EFBC}") = "PizarriaSys.AcessoDados", "PizarriaSys\PizarriaSys.AcessoDados.csproj", "{3593A535-9B15-4E7B-BBD4-DB527A7F346F}"
EndProject
Project("{FAE04EC0-301F-11D3-BF4B-00C04F79EFBC}") = "Pizzaria.Dominio", "PizzariaDominio\Pizzaria.Dominio.csproj", "{C9756B81-C505-4C5B-ABE0-7FF413ECF33E}"
EndProject
Project("{FAE04EC0-301F-11D3-BF4B-00C04F79EFBC}") = "PizzariaSys.Web", "PizzariaSys.Web\PizzariaSys.Web.csproj", "{80BE8756-7D56-4DCF-BBFC-95CF1E536DBA}"
EndProject
Global
	GlobalSection(SolutionConfigurationPlatforms) = preSolution
		Debug|Any CPU = Debug|Any CPU
		Release|Any CPU = Release|Any CPU
	EndGlobalSection
	GlobalSection(ProjectConfigurationPlatforms) = postSolution
		{3593A535-9B15-4E7B-BBD4-DB527A7F346F}.Debug|Any CPU.ActiveCfg = Debug|Any CPU
		{3593A535-9B15-4E7B-BBD4-DB527A7F346F}.Debug|Any CPU.Build.0 = Debug|Any CPU
		{3593A535-9B15-4E7B-BBD4-DB527A7F346F}.Release|Any CPU.ActiveCfg = Release|Any CPU
		{3593A535-9B15-4E7B-BBD4-DB527A7F346F}.Release|Any CPU.Build.0 = Release|Any CPU
		{C9756B81-C505-4C5B-ABE0-7FF413ECF33E}.Debug|Any CPU.ActiveCfg = Debug|Any CPU
		{C9756B81-C505-4C5B-ABE0-7FF413ECF33E}.Debug|Any CPU.Build.0 = Debug|Any CPU
		{C9756B81-C505-4C5B-ABE0-7FF413ECF33E}.Release|Any CPU.ActiveCfg = Release|Any CPU
		{C9756B81-C505-4C5B-ABE0-7FF413ECF33E}.Release|Any CPU.Build.0 = Release|Any CPU
		{80BE8756-7D56-4DCF-BBFC-95CF1E536DBA}.Debug|Any CPU.ActiveCfg = Debug|Any CPU
		{80BE8756-7D56-4DCF-BBFC-95CF1E536DBA}.Debug|Any CPU.Build.0 = Debug|Any CPU
		{80BE8756-7D56-4DCF-BBFC-95CF1E536DBA}.Release|Any CPU.ActiveCfg = Release|Any CPU
		{80BE8756-7D56-4DCF-BBFC-95CF1E536DBA}.Release|Any CPU.Build.0 = Release|Any CPU
	EndGlobalSection
	GlobalSection(SolutionProperties) = preSolution
		HideSolutionNode = FALSE
	EndGlobalSection
	GlobalSection(ExtensibilityGlobals) = postSolution
		SolutionGuid = {7EEB1CC3-211C-42BE-9B7C-4EE0B8AC50F4}
	EndGlobalSection
EndGlobal
